
Microsoft Visual Studio Solution File, Format Version 11.00
# Visual Studio 2010
Project("{FAE04EC0-301F-11D3-BF4B-00C04F79EFBC}") = "Assembly-CSharp", "Assembly-CSharp.csproj", "{9FB159C1-B28F-C6F1-F173-6DA2AFE826F5}"
EndProject
Project("{FAE04EC0-301F-11D3-BF4B-00C04F79EFBC}") = "Assembly-CSharp-firstpass", "Assembly-CSharp-firstpass.csproj", "{1AECC4ED-57E7-3423-71CC-EC4A7EBDDB5B}"
EndProject
Project("{FAE04EC0-301F-11D3-BF4B-00C04F79EFBC}") = "Assembly-CSharp-Editor-firstpass", "Assembly-CSharp-Editor-firstpass.csproj", "{B8154080-8D1B-54E3-0F88-5A82090C0F04}"
EndProject
Global
	GlobalSection(SolutionConfigurationPlatforms) = preSolution
		Debug|Any CPU = Debug|Any CPU
		Release|Any CPU = Release|Any CPU
	EndGlobalSection
	GlobalSection(ProjectConfigurationPlatforms) = postSolution
		{9FB159C1-B28F-C6F1-F173-6DA2AFE826F5}.Debug|Any CPU.ActiveCfg = Debug|Any CPU
		{9FB159C1-B28F-C6F1-F173-6DA2AFE826F5}.Debug|Any CPU.Build.0 = Debug|Any CPU
		{9FB159C1-B28F-C6F1-F173-6DA2AFE826F5}.Release|Any CPU.ActiveCfg = Release|Any CPU
		{9FB159C1-B28F-C6F1-F173-6DA2AFE826F5}.Release|Any CPU.Build.0 = Release|Any CPU
		{1AECC4ED-57E7-3423-71CC-EC4A7EBDDB5B}.Debug|Any CPU.ActiveCfg = Debug|Any CPU
		{1AECC4ED-57E7-3423-71CC-EC4A7EBDDB5B}.Debug|Any CPU.Build.0 = Debug|Any CPU
		{1AECC4ED-57E7-3423-71CC-EC4A7EBDDB5B}.Release|Any CPU.ActiveCfg = Release|Any CPU
		{1AECC4ED-57E7-3423-71CC-EC4A7EBDDB5B}.Release|Any CPU.Build.0 = Release|Any CPU
		{B8154080-8D1B-54E3-0F88-5A82090C0F04}.Debug|Any CPU.ActiveCfg = Debug|Any CPU
		{B8154080-8D1B-54E3-0F88-5A82090C0F04}.Debug|Any CPU.Build.0 = Debug|Any CPU
		{B8154080-8D1B-54E3-0F88-5A82090C0F04}.Release|Any CPU.ActiveCfg = Release|Any CPU
		{B8154080-8D1B-54E3-0F88-5A82090C0F04}.Release|Any CPU.Build.0 = Release|Any CPU
	EndGlobalSection
	GlobalSection(SolutionProperties) = preSolution
		HideSolutionNode = FALSE
	EndGlobalSection
EndGlobal
